
Microsoft Visual Studio Solution File, Format Version 12.00
# Visual Studio Version 17
VisualStudioVersion = 17.10.35013.160
MinimumVisualStudioVersion = 10.0.40219.1
Project("{FAE04EC0-301F-11D3-BF4B-00C04F79EFBC}") = "MagicVilla_API", "MagicVilla_API\MagicVilla_API.csproj", "{8B491DB7-A0A1-4CA3-BF17-7002272DB88B}"
EndProject
Global
	GlobalSection(SolutionConfigurationPlatforms) = preSolution
		Debug|Any CPU = Debug|Any CPU
		Release|Any CPU = Release|Any CPU
	EndGlobalSection
	GlobalSection(ProjectConfigurationPlatforms) = postSolution
		{8B491DB7-A0A1-4CA3-BF17-7002272DB88B}.Debug|Any CPU.ActiveCfg = Debug|Any CPU
		{8B491DB7-A0A1-4CA3-BF17-7002272DB88B}.Debug|Any CPU.Build.0 = Debug|Any CPU
		{8B491DB7-A0A1-4CA3-BF17-7002272DB88B}.Release|Any CPU.ActiveCfg = Release|Any CPU
		{8B491DB7-A0A1-4CA3-BF17-7002272DB88B}.Release|Any CPU.Build.0 = Release|Any CPU
	EndGlobalSection
	GlobalSection(SolutionProperties) = preSolution
		HideSolutionNode = FALSE
	EndGlobalSection
	GlobalSection(ExtensibilityGlobals) = postSolution
		SolutionGuid = {2A635BD6-E62E-4354-9AA6-FD95251CB0EC}
	EndGlobalSection
EndGlobal
